
Microsoft Visual Studio Solution File, Format Version 12.00
# Visual Studio Version 17
VisualStudioVersion = 17.13.35913.81 d17.13
MinimumVisualStudioVersion = 10.0.40219.1
Project("{FAE04EC0-301F-11D3-BF4B-00C04F79EFBC}") = "projeto4", "projeto4\projeto4.csproj", "{64D84530-8503-46BC-A6F7-F653F98C4E69}"
EndProject
Global
	GlobalSection(SolutionConfigurationPlatforms) = preSolution
		Debug|Any CPU = Debug|Any CPU
		Release|Any CPU = Release|Any CPU
	EndGlobalSection
	GlobalSection(ProjectConfigurationPlatforms) = postSolution
		{64D84530-8503-46BC-A6F7-F653F98C4E69}.Debug|Any CPU.ActiveCfg = Debug|Any CPU
		{64D84530-8503-46BC-A6F7-F653F98C4E69}.Debug|Any CPU.Build.0 = Debug|Any CPU
		{64D84530-8503-46BC-A6F7-F653F98C4E69}.Release|Any CPU.ActiveCfg = Release|Any CPU
		{64D84530-8503-46BC-A6F7-F653F98C4E69}.Release|Any CPU.Build.0 = Release|Any CPU
	EndGlobalSection
	GlobalSection(SolutionProperties) = preSolution
		HideSolutionNode = FALSE
	EndGlobalSection
	GlobalSection(ExtensibilityGlobals) = postSolution
		SolutionGuid = {45BC8B91-9DA5-46CA-88BE-F9A680A24563}
	EndGlobalSection
EndGlobal
